
Microsoft Visual Studio Solution File, Format Version 12.00
# Visual Studio Version 17
VisualStudioVersion = 17.10.35013.160
MinimumVisualStudioVersion = 10.0.40219.1
Project("{FAE04EC0-301F-11D3-BF4B-00C04F79EFBC}") = "ScreensAPP", "ScreensAPP.csproj", "{72B500A9-5422-4946-8D41-7A4E51DC680B}"
EndProject
Global
	GlobalSection(SolutionConfigurationPlatforms) = preSolution
		Debug|Any CPU = Debug|Any CPU
		Release|Any CPU = Release|Any CPU
	EndGlobalSection
	GlobalSection(ProjectConfigurationPlatforms) = postSolution
		{72B500A9-5422-4946-8D41-7A4E51DC680B}.Debug|Any CPU.ActiveCfg = Debug|Any CPU
		{72B500A9-5422-4946-8D41-7A4E51DC680B}.Debug|Any CPU.Build.0 = Debug|Any CPU
		{72B500A9-5422-4946-8D41-7A4E51DC680B}.Release|Any CPU.ActiveCfg = Release|Any CPU
		{72B500A9-5422-4946-8D41-7A4E51DC680B}.Release|Any CPU.Build.0 = Release|Any CPU
	EndGlobalSection
	GlobalSection(SolutionProperties) = preSolution
		HideSolutionNode = FALSE
	EndGlobalSection
	GlobalSection(ExtensibilityGlobals) = postSolution
		SolutionGuid = {C8E2F165-1F4B-41B5-A8D7-1F163AEB06A4}
	EndGlobalSection
EndGlobal
